
Microsoft Visual Studio Solution File, Format Version 12.00
# Visual Studio Version 16
VisualStudioVersion = 16.0.30309.148
MinimumVisualStudioVersion = 10.0.40219.1
Project("{FAE04EC0-301F-11D3-BF4B-00C04F79EFBC}") = "GarbageMan", "GarbageMan\GarbageMan.csproj", "{E3387217-49F2-4034-ADE6-8B4E7DF3A0C2}"
EndProject
Project("{FAE04EC0-301F-11D3-BF4B-00C04F79EFBC}") = "GarbageMan2", "GarbageMan2\GarbageMan2.csproj", "{6653BD68-C23B-4E1D-9EC2-8E495010E358}"
EndProject
Global
	GlobalSection(SolutionConfigurationPlatforms) = preSolution
		Debug|Any CPU = Debug|Any CPU
		Release|Any CPU = Release|Any CPU
	EndGlobalSection
	GlobalSection(ProjectConfigurationPlatforms) = postSolution
		{E3387217-49F2-4034-ADE6-8B4E7DF3A0C2}.Debug|Any CPU.ActiveCfg = Debug|Any CPU
		{E3387217-49F2-4034-ADE6-8B4E7DF3A0C2}.Debug|Any CPU.Build.0 = Debug|Any CPU
		{E3387217-49F2-4034-ADE6-8B4E7DF3A0C2}.Release|Any CPU.ActiveCfg = Release|Any CPU
		{E3387217-49F2-4034-ADE6-8B4E7DF3A0C2}.Release|Any CPU.Build.0 = Release|Any CPU
		{6653BD68-C23B-4E1D-9EC2-8E495010E358}.Debug|Any CPU.ActiveCfg = Debug|Any CPU
		{6653BD68-C23B-4E1D-9EC2-8E495010E358}.Debug|Any CPU.Build.0 = Debug|Any CPU
		{6653BD68-C23B-4E1D-9EC2-8E495010E358}.Release|Any CPU.ActiveCfg = Release|Any CPU
		{6653BD68-C23B-4E1D-9EC2-8E495010E358}.Release|Any CPU.Build.0 = Release|Any CPU
	EndGlobalSection
	GlobalSection(SolutionProperties) = preSolution
		HideSolutionNode = FALSE
	EndGlobalSection
	GlobalSection(ExtensibilityGlobals) = postSolution
		SolutionGuid = {BC44F100-4E85-4D51-B5BB-46B11BCC0A1A}
	EndGlobalSection
EndGlobal
