
Microsoft Visual Studio Solution File, Format Version 12.00
# Visual Studio Version 16
VisualStudioVersion = 16.0.30309.148
MinimumVisualStudioVersion = 10.0.40219.1
Project("{FAE04EC0-301F-11D3-BF4B-00C04F79EFBC}") = "StaticDemo", "StaticDemo\StaticDemo.csproj", "{0D3A66D7-93BE-4D8E-A4A5-342514F6101E}"
EndProject
Project("{FAE04EC0-301F-11D3-BF4B-00C04F79EFBC}") = "DriveReader", "DriveReader\DriveReader.csproj", "{DDF8DB76-188F-410E-8F31-723DDD1794A3}"
EndProject
Project("{FAE04EC0-301F-11D3-BF4B-00C04F79EFBC}") = "Streaming", "Streaming\Streaming.csproj", "{0843B614-258F-4D4C-BE41-2D9243EC1A87}"
EndProject
Project("{FAE04EC0-301F-11D3-BF4B-00C04F79EFBC}") = "Serializers", "Serializers\Serializers.csproj", "{2BB4D80F-BA87-4E6D-BECF-99EECBF08810}"
EndProject
Project("{FAE04EC0-301F-11D3-BF4B-00C04F79EFBC}") = "SerializeEx", "SerializeEx\SerializeEx.csproj", "{5D691BCB-2A98-4630-99C4-EFBE9D4B2BA7}"
EndProject
Global
	GlobalSection(SolutionConfigurationPlatforms) = preSolution
		Debug|Any CPU = Debug|Any CPU
		Release|Any CPU = Release|Any CPU
	EndGlobalSection
	GlobalSection(ProjectConfigurationPlatforms) = postSolution
		{0D3A66D7-93BE-4D8E-A4A5-342514F6101E}.Debug|Any CPU.ActiveCfg = Debug|Any CPU
		{0D3A66D7-93BE-4D8E-A4A5-342514F6101E}.Debug|Any CPU.Build.0 = Debug|Any CPU
		{0D3A66D7-93BE-4D8E-A4A5-342514F6101E}.Release|Any CPU.ActiveCfg = Release|Any CPU
		{0D3A66D7-93BE-4D8E-A4A5-342514F6101E}.Release|Any CPU.Build.0 = Release|Any CPU
		{DDF8DB76-188F-410E-8F31-723DDD1794A3}.Debug|Any CPU.ActiveCfg = Debug|Any CPU
		{DDF8DB76-188F-410E-8F31-723DDD1794A3}.Debug|Any CPU.Build.0 = Debug|Any CPU
		{DDF8DB76-188F-410E-8F31-723DDD1794A3}.Release|Any CPU.ActiveCfg = Release|Any CPU
		{DDF8DB76-188F-410E-8F31-723DDD1794A3}.Release|Any CPU.Build.0 = Release|Any CPU
		{0843B614-258F-4D4C-BE41-2D9243EC1A87}.Debug|Any CPU.ActiveCfg = Debug|Any CPU
		{0843B614-258F-4D4C-BE41-2D9243EC1A87}.Debug|Any CPU.Build.0 = Debug|Any CPU
		{0843B614-258F-4D4C-BE41-2D9243EC1A87}.Release|Any CPU.ActiveCfg = Release|Any CPU
		{0843B614-258F-4D4C-BE41-2D9243EC1A87}.Release|Any CPU.Build.0 = Release|Any CPU
		{2BB4D80F-BA87-4E6D-BECF-99EECBF08810}.Debug|Any CPU.ActiveCfg = Debug|Any CPU
		{2BB4D80F-BA87-4E6D-BECF-99EECBF08810}.Debug|Any CPU.Build.0 = Debug|Any CPU
		{2BB4D80F-BA87-4E6D-BECF-99EECBF08810}.Release|Any CPU.ActiveCfg = Release|Any CPU
		{2BB4D80F-BA87-4E6D-BECF-99EECBF08810}.Release|Any CPU.Build.0 = Release|Any CPU
		{5D691BCB-2A98-4630-99C4-EFBE9D4B2BA7}.Debug|Any CPU.ActiveCfg = Debug|Any CPU
		{5D691BCB-2A98-4630-99C4-EFBE9D4B2BA7}.Debug|Any CPU.Build.0 = Debug|Any CPU
		{5D691BCB-2A98-4630-99C4-EFBE9D4B2BA7}.Release|Any CPU.ActiveCfg = Release|Any CPU
		{5D691BCB-2A98-4630-99C4-EFBE9D4B2BA7}.Release|Any CPU.Build.0 = Release|Any CPU
	EndGlobalSection
	GlobalSection(SolutionProperties) = preSolution
		HideSolutionNode = FALSE
	EndGlobalSection
	GlobalSection(ExtensibilityGlobals) = postSolution
		SolutionGuid = {7B6E81D6-CB3A-447F-ACB2-3DD141C15DC7}
	EndGlobalSection
EndGlobal
