
Microsoft Visual Studio Solution File, Format Version 12.00
# Visual Studio Version 16
VisualStudioVersion = 16.0.30309.148
MinimumVisualStudioVersion = 10.0.40219.1
Project("{9A19103F-16F7-4668-BE54-9A1E7A4F7556}") = "Variables", "Variables\Variables.csproj", "{269DAAB2-1892-4B06-98C0-AAEC3BAABE45}"
EndProject
Project("{FAE04EC0-301F-11D3-BF4B-00C04F79EFBC}") = "Flows", "Flows\Flows.csproj", "{876E29BE-B3F7-43F3-977E-2FCB370C22DF}"
EndProject
Project("{FAE04EC0-301F-11D3-BF4B-00C04F79EFBC}") = "Array", "Array\Array.csproj", "{CED95564-2A14-4D71-8F92-7D2E9547B385}"
EndProject
Global
	GlobalSection(SolutionConfigurationPlatforms) = preSolution
		Debug|Any CPU = Debug|Any CPU
		Release|Any CPU = Release|Any CPU
	EndGlobalSection
	GlobalSection(ProjectConfigurationPlatforms) = postSolution
		{269DAAB2-1892-4B06-98C0-AAEC3BAABE45}.Debug|Any CPU.ActiveCfg = Debug|Any CPU
		{269DAAB2-1892-4B06-98C0-AAEC3BAABE45}.Debug|Any CPU.Build.0 = Debug|Any CPU
		{269DAAB2-1892-4B06-98C0-AAEC3BAABE45}.Release|Any CPU.ActiveCfg = Release|Any CPU
		{269DAAB2-1892-4B06-98C0-AAEC3BAABE45}.Release|Any CPU.Build.0 = Release|Any CPU
		{876E29BE-B3F7-43F3-977E-2FCB370C22DF}.Debug|Any CPU.ActiveCfg = Debug|Any CPU
		{876E29BE-B3F7-43F3-977E-2FCB370C22DF}.Debug|Any CPU.Build.0 = Debug|Any CPU
		{876E29BE-B3F7-43F3-977E-2FCB370C22DF}.Release|Any CPU.ActiveCfg = Release|Any CPU
		{876E29BE-B3F7-43F3-977E-2FCB370C22DF}.Release|Any CPU.Build.0 = Release|Any CPU
		{CED95564-2A14-4D71-8F92-7D2E9547B385}.Debug|Any CPU.ActiveCfg = Debug|Any CPU
		{CED95564-2A14-4D71-8F92-7D2E9547B385}.Debug|Any CPU.Build.0 = Debug|Any CPU
		{CED95564-2A14-4D71-8F92-7D2E9547B385}.Release|Any CPU.ActiveCfg = Release|Any CPU
		{CED95564-2A14-4D71-8F92-7D2E9547B385}.Release|Any CPU.Build.0 = Release|Any CPU
	EndGlobalSection
	GlobalSection(SolutionProperties) = preSolution
		HideSolutionNode = FALSE
	EndGlobalSection
	GlobalSection(ExtensibilityGlobals) = postSolution
		SolutionGuid = {28A1801D-7D53-4CE6-8759-80A59F412F8C}
	EndGlobalSection
EndGlobal
