
Microsoft Visual Studio Solution File, Format Version 12.00
# Visual Studio Version 16
VisualStudioVersion = 16.0.30309.148
MinimumVisualStudioVersion = 10.0.40219.1
Project("{FAE04EC0-301F-11D3-BF4B-00C04F79EFBC}") = "TafelsVan10", "TafelsVan10\TafelsVan10.csproj", "{F5F04BDD-8DEB-4CC1-B8C4-7A7AFAEC84B8}"
EndProject
Global
	GlobalSection(SolutionConfigurationPlatforms) = preSolution
		Debug|Any CPU = Debug|Any CPU
		Release|Any CPU = Release|Any CPU
	EndGlobalSection
	GlobalSection(ProjectConfigurationPlatforms) = postSolution
		{F5F04BDD-8DEB-4CC1-B8C4-7A7AFAEC84B8}.Debug|Any CPU.ActiveCfg = Debug|Any CPU
		{F5F04BDD-8DEB-4CC1-B8C4-7A7AFAEC84B8}.Debug|Any CPU.Build.0 = Debug|Any CPU
		{F5F04BDD-8DEB-4CC1-B8C4-7A7AFAEC84B8}.Release|Any CPU.ActiveCfg = Release|Any CPU
		{F5F04BDD-8DEB-4CC1-B8C4-7A7AFAEC84B8}.Release|Any CPU.Build.0 = Release|Any CPU
	EndGlobalSection
	GlobalSection(SolutionProperties) = preSolution
		HideSolutionNode = FALSE
	EndGlobalSection
	GlobalSection(ExtensibilityGlobals) = postSolution
		SolutionGuid = {EA6FF74B-9348-485F-870C-DB7E4185CCCF}
	EndGlobalSection
EndGlobal
